
Microsoft Visual Studio Solution File, Format Version 12.00
# Visual Studio Version 16
VisualStudioVersion = 16.0.33423.256
MinimumVisualStudioVersion = 10.0.40219.1
Project("{FAE04EC0-301F-11D3-BF4B-00C04F79EFBC}") = "Bev.Instruments.Counters.HpSerial", "Bev.Instruments.Counters.HpSerial\Bev.Instruments.Counters.HpSerial.csproj", "{6A2B56A0-4FA7-4A9E-99A7-47E3C6C40DC8}"
EndProject
Project("{FAE04EC0-301F-11D3-BF4B-00C04F79EFBC}") = "HpTest", "HpTest\HpTest.csproj", "{6596F64F-2F00-4BA1-B2CB-D758AC6FA528}"
EndProject
Project("{FAE04EC0-301F-11D3-BF4B-00C04F79EFBC}") = "HpLogger", "HpLogger\HpLogger.csproj", "{1C25789A-CF10-4504-BA7C-378458C4A68B}"
EndProject
Global
	GlobalSection(SolutionConfigurationPlatforms) = preSolution
		Debug|Any CPU = Debug|Any CPU
		Release|Any CPU = Release|Any CPU
	EndGlobalSection
	GlobalSection(ProjectConfigurationPlatforms) = postSolution
		{6A2B56A0-4FA7-4A9E-99A7-47E3C6C40DC8}.Debug|Any CPU.ActiveCfg = Debug|Any CPU
		{6A2B56A0-4FA7-4A9E-99A7-47E3C6C40DC8}.Debug|Any CPU.Build.0 = Debug|Any CPU
		{6A2B56A0-4FA7-4A9E-99A7-47E3C6C40DC8}.Release|Any CPU.ActiveCfg = Release|Any CPU
		{6A2B56A0-4FA7-4A9E-99A7-47E3C6C40DC8}.Release|Any CPU.Build.0 = Release|Any CPU
		{6596F64F-2F00-4BA1-B2CB-D758AC6FA528}.Debug|Any CPU.ActiveCfg = Debug|Any CPU
		{6596F64F-2F00-4BA1-B2CB-D758AC6FA528}.Debug|Any CPU.Build.0 = Debug|Any CPU
		{6596F64F-2F00-4BA1-B2CB-D758AC6FA528}.Release|Any CPU.ActiveCfg = Release|Any CPU
		{6596F64F-2F00-4BA1-B2CB-D758AC6FA528}.Release|Any CPU.Build.0 = Release|Any CPU
		{1C25789A-CF10-4504-BA7C-378458C4A68B}.Debug|Any CPU.ActiveCfg = Debug|Any CPU
		{1C25789A-CF10-4504-BA7C-378458C4A68B}.Debug|Any CPU.Build.0 = Debug|Any CPU
		{1C25789A-CF10-4504-BA7C-378458C4A68B}.Release|Any CPU.ActiveCfg = Release|Any CPU
		{1C25789A-CF10-4504-BA7C-378458C4A68B}.Release|Any CPU.Build.0 = Release|Any CPU
	EndGlobalSection
	GlobalSection(SolutionProperties) = preSolution
		HideSolutionNode = FALSE
	EndGlobalSection
	GlobalSection(ExtensibilityGlobals) = postSolution
		SolutionGuid = {F38AB024-228A-47B2-9032-51CA25EA8BE5}
	EndGlobalSection
EndGlobal
